
Microsoft Visual Studio Solution File, Format Version 12.00
# Visual Studio Version 16
VisualStudioVersion = 16.0.31005.135
MinimumVisualStudioVersion = 10.0.40219.1
Project("{FAE04EC0-301F-11D3-BF4B-00C04F79EFBC}") = "Assessment1", "Assessment1.csproj", "{D570C4AF-84A0-4746-A370-09E7FC647D41}"
EndProject
Global
	GlobalSection(SolutionConfigurationPlatforms) = preSolution
		Debug|Any CPU = Debug|Any CPU
		Release|Any CPU = Release|Any CPU
	EndGlobalSection
	GlobalSection(ProjectConfigurationPlatforms) = postSolution
		{D570C4AF-84A0-4746-A370-09E7FC647D41}.Debug|Any CPU.ActiveCfg = Debug|Any CPU
		{D570C4AF-84A0-4746-A370-09E7FC647D41}.Debug|Any CPU.Build.0 = Debug|Any CPU
		{D570C4AF-84A0-4746-A370-09E7FC647D41}.Release|Any CPU.ActiveCfg = Release|Any CPU
		{D570C4AF-84A0-4746-A370-09E7FC647D41}.Release|Any CPU.Build.0 = Release|Any CPU
	EndGlobalSection
	GlobalSection(SolutionProperties) = preSolution
		HideSolutionNode = FALSE
	EndGlobalSection
	GlobalSection(ExtensibilityGlobals) = postSolution
		SolutionGuid = {BF7FBC25-8485-4065-B6CA-80B144FA0846}
	EndGlobalSection
EndGlobal
